
Microsoft Visual Studio Solution File, Format Version 12.00
# Visual Studio Version 16
VisualStudioVersion = 16.0.32413.511
MinimumVisualStudioVersion = 10.0.40219.1
Project("{FAE04EC0-301F-11D3-BF4B-00C04F79EFBC}") = "StajProje1", "StajProje1.csproj", "{730C4570-1CF5-4A80-ABF1-6F63B10827B8}"
EndProject
Global
	GlobalSection(SolutionConfigurationPlatforms) = preSolution
		Debug|Any CPU = Debug|Any CPU
		Release|Any CPU = Release|Any CPU
	EndGlobalSection
	GlobalSection(ProjectConfigurationPlatforms) = postSolution
		{730C4570-1CF5-4A80-ABF1-6F63B10827B8}.Debug|Any CPU.ActiveCfg = Debug|Any CPU
		{730C4570-1CF5-4A80-ABF1-6F63B10827B8}.Debug|Any CPU.Build.0 = Debug|Any CPU
		{730C4570-1CF5-4A80-ABF1-6F63B10827B8}.Release|Any CPU.ActiveCfg = Release|Any CPU
		{730C4570-1CF5-4A80-ABF1-6F63B10827B8}.Release|Any CPU.Build.0 = Release|Any CPU
	EndGlobalSection
	GlobalSection(SolutionProperties) = preSolution
		HideSolutionNode = FALSE
	EndGlobalSection
	GlobalSection(ExtensibilityGlobals) = postSolution
		SolutionGuid = {C096DDFB-6C0E-41CC-B18D-F083E4F6B37D}
	EndGlobalSection
EndGlobal
